
Microsoft Visual Studio Solution File, Format Version 12.00
# Visual Studio Version 17
VisualStudioVersion = 17.11.35303.130
MinimumVisualStudioVersion = 10.0.40219.1
Project("{888888A0-9F3D-457C-B088-3A5042F75D52}") = "ProjetGolf", "ProjetGolf.pyproj", "{5112DB2A-5E6E-4D89-837A-77E2E489CE63}"
EndProject
Global
	GlobalSection(SolutionConfigurationPlatforms) = preSolution
		Debug|Any CPU = Debug|Any CPU
		Release|Any CPU = Release|Any CPU
	EndGlobalSection
	GlobalSection(ProjectConfigurationPlatforms) = postSolution
		{5112DB2A-5E6E-4D89-837A-77E2E489CE63}.Debug|Any CPU.ActiveCfg = Debug|Any CPU
		{5112DB2A-5E6E-4D89-837A-77E2E489CE63}.Release|Any CPU.ActiveCfg = Release|Any CPU
	EndGlobalSection
	GlobalSection(SolutionProperties) = preSolution
		HideSolutionNode = FALSE
	EndGlobalSection
	GlobalSection(ExtensibilityGlobals) = postSolution
		SolutionGuid = {E4A6202E-F9C1-4886-86F0-DCCFA48B0E1E}
	EndGlobalSection
EndGlobal
